Microsoft Visual Studio Solution File, Format Version 12.00
# Visual Studio Version 17
VisualStudioVersion = 17.0.31903.59
MinimumVisualStudioVersion = 10.0.40219.1
Project("{FAE04EC0-301F-11D3-BF4B-00C04F79EFBC}") = "TuPos.App", "TuPos.App\TuPos.App.csproj", "{FCA0011C-A1A8-435E-A2E4-2C6378A52D0F}"
EndProject
Project("{FAE04EC0-301F-11D3-BF4B-00C04F79EFBC}") = "TuPos.Tests", "TuPos.Tests\TuPos.Tests.csproj", "{DF8D72A6-75DF-4A16-8344-9B056D40BBE2}"
EndProject
Global
	GlobalSection(SolutionConfigurationPlatforms) = preSolution
		Debug|Any CPU = Debug|Any CPU
		Release|Any CPU = Release|Any CPU
	EndGlobalSection
	GlobalSection(ProjectConfigurationPlatforms) = postSolution
		{FCA0011C-A1A8-435E-A2E4-2C6378A52D0F}.Debug|Any CPU.ActiveCfg = Debug|Any CPU
		{FCA0011C-A1A8-435E-A2E4-2C6378A52D0F}.Debug|Any CPU.Build.0 = Debug|Any CPU
		{FCA0011C-A1A8-435E-A2E4-2C6378A52D0F}.Release|Any CPU.ActiveCfg = Release|Any CPU
		{FCA0011C-A1A8-435E-A2E4-2C6378A52D0F}.Release|Any CPU.Build.0 = Release|Any CPU
		{DF8D72A6-75DF-4A16-8344-9B056D40BBE2}.Debug|Any CPU.ActiveCfg = Debug|Any CPU
		{DF8D72A6-75DF-4A16-8344-9B056D40BBE2}.Debug|Any CPU.Build.0 = Debug|Any CPU
		{DF8D72A6-75DF-4A16-8344-9B056D40BBE2}.Release|Any CPU.ActiveCfg = Release|Any CPU
		{DF8D72A6-75DF-4A16-8344-9B056D40BBE2}.Release|Any CPU.Build.0 = Release|Any CPU
	EndGlobalSection
EndGlobal
